
Microsoft Visual Studio Solution File, Format Version 12.00
# Visual Studio 15
VisualStudioVersion = 15.0.26228.4
MinimumVisualStudioVersion = 10.0.40219.1
Project("{FAE04EC0-301F-11D3-BF4B-00C04F79EFBC}") = "Academy.Domain", "Academy.Domain\Academy.Domain.csproj", "{79E9E5E6-F8BD-4CAC-9888-43B044EE4223}"
EndProject
Project("{FAE04EC0-301F-11D3-BF4B-00C04F79EFBC}") = "Academy.Domain.Tests", "Academy.Domain.Tests\Academy.Domain.Tests.csproj", "{74BB042C-0A4C-40A3-BD15-A2301A2E2EBE}"
EndProject
Project("{2150E333-8FDC-42A3-9474-1A3956D46DE8}") = "Application", "Application", "{594496EA-CCBB-4D7E-A73B-9FEB88BEA4D6}"
EndProject
Project("{2150E333-8FDC-42A3-9474-1A3956D46DE8}") = "Domain", "Domain", "{0B75B1C1-0936-4232-A7E0-122B057A3AAC}"
EndProject
Project("{2150E333-8FDC-42A3-9474-1A3956D46DE8}") = "Infrastructure", "Infrastructure", "{B0B636A2-E2BD-4CF0-B378-00E66929A939}"
EndProject
Project("{2150E333-8FDC-42A3-9474-1A3956D46DE8}") = "Presentation", "Presentation", "{A0B7F93A-8DA7-402A-AFC1-C535766ABA8C}"
EndProject
Project("{FAE04EC0-301F-11D3-BF4B-00C04F79EFBC}") = "Academy.Application", "Academy.Application\Academy.Application.csproj", "{49B1F0DD-8FAD-47AE-9351-1886311639B0}"
EndProject
Project("{FAE04EC0-301F-11D3-BF4B-00C04F79EFBC}") = "Academy.WebUI", "Academy.WebUI\Academy.WebUI.csproj", "{5E54A830-4D96-4FBC-A11E-9A9979EA181F}"
EndProject
Project("{FAE04EC0-301F-11D3-BF4B-00C04F79EFBC}") = "Academy.Config", "Academy.Config\Academy.Config.csproj", "{CA304308-D3C6-4D4F-94FD-41EC3EDC218C}"
EndProject
Project("{FAE04EC0-301F-11D3-BF4B-00C04F79EFBC}") = "Academy.Application.Contracts", "Academy.Application.Contracts\Academy.Application.Contracts.csproj", "{06C8414A-5B4D-43B8-B531-13279A1C6748}"
EndProject
Project("{FAE04EC0-301F-11D3-BF4B-00C04F79EFBC}") = "Academy.Persistence.EF", "Academy.Persistence.EF\Academy.Persistence.EF.csproj", "{5FFB4843-8277-42D8-931F-99F54FC66FB6}"
EndProject
Project("{2150E333-8FDC-42A3-9474-1A3956D46DE8}") = "Academy", "Academy", "{9863D9D8-BE6C-48A7-8199-6D595F418189}"
EndProject
Project("{2150E333-8FDC-42A3-9474-1A3956D46DE8}") = "UserManagement", "UserManagement", "{0D9F69EB-FB4E-4DF0-9239-FDD138842160}"
EndProject
Project("{FAE04EC0-301F-11D3-BF4B-00C04F79EFBC}") = "UserManagement.Application", "UserManagement.Application\UserManagement.Application.csproj", "{0BD5A797-6661-42C2-B0EF-14D4E7F4028D}"
EndProject
Project("{FAE04EC0-301F-11D3-BF4B-00C04F79EFBC}") = "UserManagement.Application.Contracts", "UserManagement.Application.Contracts\UserManagement.Application.Contracts.csproj", "{DB134472-F0F1-4876-B6C9-63CF45CAA6B4}"
EndProject
Project("{FAE04EC0-301F-11D3-BF4B-00C04F79EFBC}") = "UserManagement.Config", "UserManagement.Config\UserManagement.Config.csproj", "{35E4FB5A-C77D-4A24-81CE-D0E1A8C8E7CE}"
EndProject
Project("{2150E333-8FDC-42A3-9474-1A3956D46DE8}") = "Framework", "Framework", "{264A2147-BC4E-4913-A91B-6AD65E6C1487}"
EndProject
Project("{FAE04EC0-301F-11D3-BF4B-00C04F79EFBC}") = "Framework.Core", "Framework.Core\Framework.Core.csproj", "{2C0355D8-BDB2-440C-9454-02D21EAE8062}"
EndProject
Project("{FAE04EC0-301F-11D3-BF4B-00C04F79EFBC}") = "Academy.Core", "Academy.Core\Academy.Core.csproj", "{A48CEDC2-FAB8-4D6B-9731-975A5A618813}"
EndProject
Project("{FAE04EC0-301F-11D3-BF4B-00C04F79EFBC}") = "Framework.Kendo", "Framework.Kendo\Framework.Kendo.csproj", "{D1B3D496-A4AD-4EEA-B304-4F4BC2813525}"
EndProject
Global
	GlobalSection(SolutionConfigurationPlatforms) = preSolution
		Debug|Any CPU = Debug|Any CPU
		Release|Any CPU = Release|Any CPU
	EndGlobalSection
	GlobalSection(ProjectConfigurationPlatforms) = postSolution
		{79E9E5E6-F8BD-4CAC-9888-43B044EE4223}.Debug|Any CPU.ActiveCfg = Debug|Any CPU
		{79E9E5E6-F8BD-4CAC-9888-43B044EE4223}.Debug|Any CPU.Build.0 = Debug|Any CPU
		{79E9E5E6-F8BD-4CAC-9888-43B044EE4223}.Release|Any CPU.ActiveCfg = Release|Any CPU
		{79E9E5E6-F8BD-4CAC-9888-43B044EE4223}.Release|Any CPU.Build.0 = Release|Any CPU
		{74BB042C-0A4C-40A3-BD15-A2301A2E2EBE}.Debug|Any CPU.ActiveCfg = Debug|Any CPU
		{74BB042C-0A4C-40A3-BD15-A2301A2E2EBE}.Debug|Any CPU.Build.0 = Debug|Any CPU
		{74BB042C-0A4C-40A3-BD15-A2301A2E2EBE}.Release|Any CPU.ActiveCfg = Release|Any CPU
		{74BB042C-0A4C-40A3-BD15-A2301A2E2EBE}.Release|Any CPU.Build.0 = Release|Any CPU
		{49B1F0DD-8FAD-47AE-9351-1886311639B0}.Debug|Any CPU.ActiveCfg = Debug|Any CPU
		{49B1F0DD-8FAD-47AE-9351-1886311639B0}.Debug|Any CPU.Build.0 = Debug|Any CPU
		{49B1F0DD-8FAD-47AE-9351-1886311639B0}.Release|Any CPU.ActiveCfg = Release|Any CPU
		{49B1F0DD-8FAD-47AE-9351-1886311639B0}.Release|Any CPU.Build.0 = Release|Any CPU
		{5E54A830-4D96-4FBC-A11E-9A9979EA181F}.Debug|Any CPU.ActiveCfg = Debug|Any CPU
		{5E54A830-4D96-4FBC-A11E-9A9979EA181F}.Debug|Any CPU.Build.0 = Debug|Any CPU
		{5E54A830-4D96-4FBC-A11E-9A9979EA181F}.Release|Any CPU.ActiveCfg = Release|Any CPU
		{5E54A830-4D96-4FBC-A11E-9A9979EA181F}.Release|Any CPU.Build.0 = Release|Any CPU
		{CA304308-D3C6-4D4F-94FD-41EC3EDC218C}.Debug|Any CPU.ActiveCfg = Debug|Any CPU
		{CA304308-D3C6-4D4F-94FD-41EC3EDC218C}.Debug|Any CPU.Build.0 = Debug|Any CPU
		{CA304308-D3C6-4D4F-94FD-41EC3EDC218C}.Release|Any CPU.ActiveCfg = Release|Any CPU
		{CA304308-D3C6-4D4F-94FD-41EC3EDC218C}.Release|Any CPU.Build.0 = Release|Any CPU
		{06C8414A-5B4D-43B8-B531-13279A1C6748}.Debug|Any CPU.ActiveCfg = Debug|Any CPU
		{06C8414A-5B4D-43B8-B531-13279A1C6748}.Debug|Any CPU.Build.0 = Debug|Any CPU
		{06C8414A-5B4D-43B8-B531-13279A1C6748}.Release|Any CPU.ActiveCfg = Release|Any CPU
		{06C8414A-5B4D-43B8-B531-13279A1C6748}.Release|Any CPU.Build.0 = Release|Any CPU
		{5FFB4843-8277-42D8-931F-99F54FC66FB6}.Debug|Any CPU.ActiveCfg = Debug|Any CPU
		{5FFB4843-8277-42D8-931F-99F54FC66FB6}.Debug|Any CPU.Build.0 = Debug|Any CPU
		{5FFB4843-8277-42D8-931F-99F54FC66FB6}.Release|Any CPU.ActiveCfg = Release|Any CPU
		{5FFB4843-8277-42D8-931F-99F54FC66FB6}.Release|Any CPU.Build.0 = Release|Any CPU
		{0BD5A797-6661-42C2-B0EF-14D4E7F4028D}.Debug|Any CPU.ActiveCfg = Debug|Any CPU
		{0BD5A797-6661-42C2-B0EF-14D4E7F4028D}.Debug|Any CPU.Build.0 = Debug|Any CPU
		{0BD5A797-6661-42C2-B0EF-14D4E7F4028D}.Release|Any CPU.ActiveCfg = Release|Any CPU
		{0BD5A797-6661-42C2-B0EF-14D4E7F4028D}.Release|Any CPU.Build.0 = Release|Any CPU
		{DB134472-F0F1-4876-B6C9-63CF45CAA6B4}.Debug|Any CPU.ActiveCfg = Debug|Any CPU
		{DB134472-F0F1-4876-B6C9-63CF45CAA6B4}.Debug|Any CPU.Build.0 = Debug|Any CPU
		{DB134472-F0F1-4876-B6C9-63CF45CAA6B4}.Release|Any CPU.ActiveCfg = Release|Any CPU
		{DB134472-F0F1-4876-B6C9-63CF45CAA6B4}.Release|Any CPU.Build.0 = Release|Any CPU
		{35E4FB5A-C77D-4A24-81CE-D0E1A8C8E7CE}.Debug|Any CPU.ActiveCfg = Debug|Any CPU
		{35E4FB5A-C77D-4A24-81CE-D0E1A8C8E7CE}.Debug|Any CPU.Build.0 = Debug|Any CPU
		{35E4FB5A-C77D-4A24-81CE-D0E1A8C8E7CE}.Release|Any CPU.ActiveCfg = Release|Any CPU
		{35E4FB5A-C77D-4A24-81CE-D0E1A8C8E7CE}.Release|Any CPU.Build.0 = Release|Any CPU
		{2C0355D8-BDB2-440C-9454-02D21EAE8062}.Debug|Any CPU.ActiveCfg = Debug|Any CPU
		{2C0355D8-BDB2-440C-9454-02D21EAE8062}.Debug|Any CPU.Build.0 = Debug|Any CPU
		{2C0355D8-BDB2-440C-9454-02D21EAE8062}.Release|Any CPU.ActiveCfg = Release|Any CPU
		{2C0355D8-BDB2-440C-9454-02D21EAE8062}.Release|Any CPU.Build.0 = Release|Any CPU
		{A48CEDC2-FAB8-4D6B-9731-975A5A618813}.Debug|Any CPU.ActiveCfg = Debug|Any CPU
		{A48CEDC2-FAB8-4D6B-9731-975A5A618813}.Debug|Any CPU.Build.0 = Debug|Any CPU
		{A48CEDC2-FAB8-4D6B-9731-975A5A618813}.Release|Any CPU.ActiveCfg = Release|Any CPU
		{A48CEDC2-FAB8-4D6B-9731-975A5A618813}.Release|Any CPU.Build.0 = Release|Any CPU
		{D1B3D496-A4AD-4EEA-B304-4F4BC2813525}.Debug|Any CPU.ActiveCfg = Debug|Any CPU
		{D1B3D496-A4AD-4EEA-B304-4F4BC2813525}.Debug|Any CPU.Build.0 = Debug|Any CPU
		{D1B3D496-A4AD-4EEA-B304-4F4BC2813525}.Release|Any CPU.ActiveCfg = Release|Any CPU
		{D1B3D496-A4AD-4EEA-B304-4F4BC2813525}.Release|Any CPU.Build.0 = Release|Any CPU
	EndGlobalSection
	GlobalSection(SolutionProperties) = preSolution
		HideSolutionNode = FALSE
	EndGlobalSection
	GlobalSection(NestedProjects) = preSolution
		{79E9E5E6-F8BD-4CAC-9888-43B044EE4223} = {0B75B1C1-0936-4232-A7E0-122B057A3AAC}
		{74BB042C-0A4C-40A3-BD15-A2301A2E2EBE} = {0B75B1C1-0936-4232-A7E0-122B057A3AAC}
		{594496EA-CCBB-4D7E-A73B-9FEB88BEA4D6} = {9863D9D8-BE6C-48A7-8199-6D595F418189}
		{0B75B1C1-0936-4232-A7E0-122B057A3AAC} = {9863D9D8-BE6C-48A7-8199-6D595F418189}
		{B0B636A2-E2BD-4CF0-B378-00E66929A939} = {9863D9D8-BE6C-48A7-8199-6D595F418189}
		{A0B7F93A-8DA7-402A-AFC1-C535766ABA8C} = {9863D9D8-BE6C-48A7-8199-6D595F418189}
		{49B1F0DD-8FAD-47AE-9351-1886311639B0} = {594496EA-CCBB-4D7E-A73B-9FEB88BEA4D6}
		{5E54A830-4D96-4FBC-A11E-9A9979EA181F} = {A0B7F93A-8DA7-402A-AFC1-C535766ABA8C}
		{CA304308-D3C6-4D4F-94FD-41EC3EDC218C} = {B0B636A2-E2BD-4CF0-B378-00E66929A939}
		{06C8414A-5B4D-43B8-B531-13279A1C6748} = {594496EA-CCBB-4D7E-A73B-9FEB88BEA4D6}
		{5FFB4843-8277-42D8-931F-99F54FC66FB6} = {B0B636A2-E2BD-4CF0-B378-00E66929A939}
		{0BD5A797-6661-42C2-B0EF-14D4E7F4028D} = {0D9F69EB-FB4E-4DF0-9239-FDD138842160}
		{DB134472-F0F1-4876-B6C9-63CF45CAA6B4} = {0D9F69EB-FB4E-4DF0-9239-FDD138842160}
		{35E4FB5A-C77D-4A24-81CE-D0E1A8C8E7CE} = {0D9F69EB-FB4E-4DF0-9239-FDD138842160}
		{2C0355D8-BDB2-440C-9454-02D21EAE8062} = {264A2147-BC4E-4913-A91B-6AD65E6C1487}
		{A48CEDC2-FAB8-4D6B-9731-975A5A618813} = {B0B636A2-E2BD-4CF0-B378-00E66929A939}
		{D1B3D496-A4AD-4EEA-B304-4F4BC2813525} = {264A2147-BC4E-4913-A91B-6AD65E6C1487}
	EndGlobalSection
EndGlobal
